
Microsoft Visual Studio Solution File, Format Version 12.00
# Visual Studio Version 16
VisualStudioVersion = 16.0.30114.105
MinimumVisualStudioVersion = 10.0.40219.1
Project("{FAE04EC0-301F-11D3-BF4B-00C04F79EFBC}") = "API", "API\API.csproj", "{1666A77B-A510-45FF-BCEC-271C746AF4F6}"
EndProject
Project("{FAE04EC0-301F-11D3-BF4B-00C04F79EFBC}") = "Application", "Application\Application.csproj", "{75EE32CD-9BD8-4114-949A-9F5E5A65C53A}"
EndProject
Project("{FAE04EC0-301F-11D3-BF4B-00C04F79EFBC}") = "Persistence", "Persistence\Persistence.csproj", "{915DB8DF-74FF-4D6C-BDA0-652843AA77D0}"
EndProject
Project("{FAE04EC0-301F-11D3-BF4B-00C04F79EFBC}") = "Domain", "Domain\Domain.csproj", "{EB19B744-3C48-4126-83A4-6E8D2B338634}"
EndProject
Global
	GlobalSection(SolutionConfigurationPlatforms) = preSolution
		Debug|Any CPU = Debug|Any CPU
		Debug|x64 = Debug|x64
		Debug|x86 = Debug|x86
		Release|Any CPU = Release|Any CPU
		Release|x64 = Release|x64
		Release|x86 = Release|x86
	EndGlobalSection
	GlobalSection(SolutionProperties) = preSolution
		HideSolutionNode = FALSE
	EndGlobalSection
	GlobalSection(ProjectConfigurationPlatforms) = postSolution
		{1666A77B-A510-45FF-BCEC-271C746AF4F6}.Debug|Any CPU.ActiveCfg = Debug|Any CPU
		{1666A77B-A510-45FF-BCEC-271C746AF4F6}.Debug|Any CPU.Build.0 = Debug|Any CPU
		{1666A77B-A510-45FF-BCEC-271C746AF4F6}.Debug|x64.ActiveCfg = Debug|Any CPU
		{1666A77B-A510-45FF-BCEC-271C746AF4F6}.Debug|x64.Build.0 = Debug|Any CPU
		{1666A77B-A510-45FF-BCEC-271C746AF4F6}.Debug|x86.ActiveCfg = Debug|Any CPU
		{1666A77B-A510-45FF-BCEC-271C746AF4F6}.Debug|x86.Build.0 = Debug|Any CPU
		{1666A77B-A510-45FF-BCEC-271C746AF4F6}.Release|Any CPU.ActiveCfg = Release|Any CPU
		{1666A77B-A510-45FF-BCEC-271C746AF4F6}.Release|Any CPU.Build.0 = Release|Any CPU
		{1666A77B-A510-45FF-BCEC-271C746AF4F6}.Release|x64.ActiveCfg = Release|Any CPU
		{1666A77B-A510-45FF-BCEC-271C746AF4F6}.Release|x64.Build.0 = Release|Any CPU
		{1666A77B-A510-45FF-BCEC-271C746AF4F6}.Release|x86.ActiveCfg = Release|Any CPU
		{1666A77B-A510-45FF-BCEC-271C746AF4F6}.Release|x86.Build.0 = Release|Any CPU
		{75EE32CD-9BD8-4114-949A-9F5E5A65C53A}.Debug|Any CPU.ActiveCfg = Debug|Any CPU
		{75EE32CD-9BD8-4114-949A-9F5E5A65C53A}.Debug|Any CPU.Build.0 = Debug|Any CPU
		{75EE32CD-9BD8-4114-949A-9F5E5A65C53A}.Debug|x64.ActiveCfg = Debug|Any CPU
		{75EE32CD-9BD8-4114-949A-9F5E5A65C53A}.Debug|x64.Build.0 = Debug|Any CPU
		{75EE32CD-9BD8-4114-949A-9F5E5A65C53A}.Debug|x86.ActiveCfg = Debug|Any CPU
		{75EE32CD-9BD8-4114-949A-9F5E5A65C53A}.Debug|x86.Build.0 = Debug|Any CPU
		{75EE32CD-9BD8-4114-949A-9F5E5A65C53A}.Release|Any CPU.ActiveCfg = Release|Any CPU
		{75EE32CD-9BD8-4114-949A-9F5E5A65C53A}.Release|Any CPU.Build.0 = Release|Any CPU
		{75EE32CD-9BD8-4114-949A-9F5E5A65C53A}.Release|x64.ActiveCfg = Release|Any CPU
		{75EE32CD-9BD8-4114-949A-9F5E5A65C53A}.Release|x64.Build.0 = Release|Any CPU
		{75EE32CD-9BD8-4114-949A-9F5E5A65C53A}.Release|x86.ActiveCfg = Release|Any CPU
		{75EE32CD-9BD8-4114-949A-9F5E5A65C53A}.Release|x86.Build.0 = Release|Any CPU
		{915DB8DF-74FF-4D6C-BDA0-652843AA77D0}.Debug|Any CPU.ActiveCfg = Debug|Any CPU
		{915DB8DF-74FF-4D6C-BDA0-652843AA77D0}.Debug|Any CPU.Build.0 = Debug|Any CPU
		{915DB8DF-74FF-4D6C-BDA0-652843AA77D0}.Debug|x64.ActiveCfg = Debug|Any CPU
		{915DB8DF-74FF-4D6C-BDA0-652843AA77D0}.Debug|x64.Build.0 = Debug|Any CPU
		{915DB8DF-74FF-4D6C-BDA0-652843AA77D0}.Debug|x86.ActiveCfg = Debug|Any CPU
		{915DB8DF-74FF-4D6C-BDA0-652843AA77D0}.Debug|x86.Build.0 = Debug|Any CPU
		{915DB8DF-74FF-4D6C-BDA0-652843AA77D0}.Release|Any CPU.ActiveCfg = Release|Any CPU
		{915DB8DF-74FF-4D6C-BDA0-652843AA77D0}.Release|Any CPU.Build.0 = Release|Any CPU
		{915DB8DF-74FF-4D6C-BDA0-652843AA77D0}.Release|x64.ActiveCfg = Release|Any CPU
		{915DB8DF-74FF-4D6C-BDA0-652843AA77D0}.Release|x64.Build.0 = Release|Any CPU
		{915DB8DF-74FF-4D6C-BDA0-652843AA77D0}.Release|x86.ActiveCfg = Release|Any CPU
		{915DB8DF-74FF-4D6C-BDA0-652843AA77D0}.Release|x86.Build.0 = Release|Any CPU
		{EB19B744-3C48-4126-83A4-6E8D2B338634}.Debug|Any CPU.ActiveCfg = Debug|Any CPU
		{EB19B744-3C48-4126-83A4-6E8D2B338634}.Debug|Any CPU.Build.0 = Debug|Any CPU
		{EB19B744-3C48-4126-83A4-6E8D2B338634}.Debug|x64.ActiveCfg = Debug|Any CPU
		{EB19B744-3C48-4126-83A4-6E8D2B338634}.Debug|x64.Build.0 = Debug|Any CPU
		{EB19B744-3C48-4126-83A4-6E8D2B338634}.Debug|x86.ActiveCfg = Debug|Any CPU
		{EB19B744-3C48-4126-83A4-6E8D2B338634}.Debug|x86.Build.0 = Debug|Any CPU
		{EB19B744-3C48-4126-83A4-6E8D2B338634}.Release|Any CPU.ActiveCfg = Release|Any CPU
		{EB19B744-3C48-4126-83A4-6E8D2B338634}.Release|Any CPU.Build.0 = Release|Any CPU
		{EB19B744-3C48-4126-83A4-6E8D2B338634}.Release|x64.ActiveCfg = Release|Any CPU
		{EB19B744-3C48-4126-83A4-6E8D2B338634}.Release|x64.Build.0 = Release|Any CPU
		{EB19B744-3C48-4126-83A4-6E8D2B338634}.Release|x86.ActiveCfg = Release|Any CPU
		{EB19B744-3C48-4126-83A4-6E8D2B338634}.Release|x86.Build.0 = Release|Any CPU
	EndGlobalSection
EndGlobal
